version = 1
revision = 3
requires-python = ">=3.12"

[[package]]
name = "pyntercept"
version = "0.0.5.dev2"
source = { editable = "." }
dependencies = [
    { name = "pyte" },
]

[package.metadata]
requires-dist = [{ name = "pyte", specifier = ">=0.8.2" }]

[[package]]
name = "pyte"
version = "0.8.2"
source = { registry = "https://pypi.org/simple" }
dependencies = [
    { name = "wcwidth" },
]
sdist = { url = "https://files.pythonhosted.org/packages/ab/ab/b599762933eba04de7dc5b31ae083112a6c9a9db15b01d3109ad797559d9/pyte-0.8.2.tar.gz", hash = "sha256:5af970e843fa96a97149d64e170c984721f20e52227a2f57f0a54207f08f083f", size = 92301, upload-time = "2023-11-12T09:33:43.217Z" }
wheels = [
    { url = "https://files.pythonhosted.org/packages/59/d0/bb522283b90853afbf506cd5b71c650cf708829914efd0003d615cf426cd/pyte-0.8.2-py3-none-any.whl", hash = "sha256:85db42a35798a5aafa96ac4d8da78b090b2c933248819157fc0e6f78876a0135", size = 31627, upload-time = "2023-11-12T09:33:41.096Z" },
]

[[package]]
name = "wcwidth"
version = "0.6.0"
source = { registry = "https://pypi.org/simple" }
sdist = { url = "https://files.pythonhosted.org/packages/35/a2/8e3becb46433538a38726c948d3399905a4c7cabd0df578ede5dc51f0ec2/wcwidth-0.6.0.tar.gz", hash = "sha256:cdc4e4262d6ef9a1a57e018384cbeb1208d8abbc64176027e2c2455c81313159", size = 159684, upload-time = "2026-02-06T19:19:40.919Z" }
wheels = [
    { url = "https://files.pythonhosted.org/packages/68/5a/199c59e0a824a3db2b89c5d2dade7ab5f9624dbf6448dc291b46d5ec94d3/wcwidth-0.6.0-py3-none-any.whl", hash = "sha256:1a3a1e510b553315f8e146c54764f4fb6264ffad731b3d78088cdb1478ffbdad", size = 94189, upload-time = "2026-02-06T19:19:39.646Z" },
]
